
Microsoft Visual Studio Solution File, Format Version 12.00
# Visual Studio Version 17
VisualStudioVersion = 17.0.32002.185
MinimumVisualStudioVersion = 10.0.40219.1
Project("{9A19103F-16F7-4668-BE54-9A1E7A4F7556}") = "MT.KitTools", "MT.KitTools\MT.KitTools.csproj", "{954954F0-04FA-4398-8F5A-223BF52EB89B}"
EndProject
Project("{9A19103F-16F7-4668-BE54-9A1E7A4F7556}") = "KitTools.Test", "KitTools.Test\KitTools.Test.csproj", "{2FC96A50-ACFD-4C5A-8EEC-F6AB47A83DBD}"
EndProject
Project("{FAE04EC0-301F-11D3-BF4B-00C04F79EFBC}") = "LoggerConsoleTest", "LoggerConsoleTest\LoggerConsoleTest.csproj", "{824D5221-B5B8-4212-847E-CA90489D9F13}"
EndProject
Global
	GlobalSection(SolutionConfigurationPlatforms) = preSolution
		Debug|Any CPU = Debug|Any CPU
		Release|Any CPU = Release|Any CPU
	EndGlobalSection
	GlobalSection(ProjectConfigurationPlatforms) = postSolution
		{954954F0-04FA-4398-8F5A-223BF52EB89B}.Debug|Any CPU.ActiveCfg = Debug|Any CPU
		{954954F0-04FA-4398-8F5A-223BF52EB89B}.Debug|Any CPU.Build.0 = Debug|Any CPU
		{954954F0-04FA-4398-8F5A-223BF52EB89B}.Release|Any CPU.ActiveCfg = Release|Any CPU
		{954954F0-04FA-4398-8F5A-223BF52EB89B}.Release|Any CPU.Build.0 = Release|Any CPU
		{2FC96A50-ACFD-4C5A-8EEC-F6AB47A83DBD}.Debug|Any CPU.ActiveCfg = Debug|Any CPU
		{2FC96A50-ACFD-4C5A-8EEC-F6AB47A83DBD}.Debug|Any CPU.Build.0 = Debug|Any CPU
		{2FC96A50-ACFD-4C5A-8EEC-F6AB47A83DBD}.Release|Any CPU.ActiveCfg = Release|Any CPU
		{2FC96A50-ACFD-4C5A-8EEC-F6AB47A83DBD}.Release|Any CPU.Build.0 = Release|Any CPU
		{824D5221-B5B8-4212-847E-CA90489D9F13}.Debug|Any CPU.ActiveCfg = Debug|Any CPU
		{824D5221-B5B8-4212-847E-CA90489D9F13}.Debug|Any CPU.Build.0 = Debug|Any CPU
		{824D5221-B5B8-4212-847E-CA90489D9F13}.Release|Any CPU.ActiveCfg = Release|Any CPU
		{824D5221-B5B8-4212-847E-CA90489D9F13}.Release|Any CPU.Build.0 = Release|Any CPU
	EndGlobalSection
	GlobalSection(SolutionProperties) = preSolution
		HideSolutionNode = FALSE
	EndGlobalSection
	GlobalSection(ExtensibilityGlobals) = postSolution
		SolutionGuid = {412B0F7C-6028-4585-8102-3B5873B6C24F}
	EndGlobalSection
EndGlobal
